// !$*UTF8*$!
{
	archiveVersion = 1;
	classes = {
	};
	objectVersion = 46;
	objects = {

/* Begin PBXBuildFile section */
		7737A06515F34ADD0078CA7B /* QuartzCore.framework in Frameworks */ = {isa = PBXBuildFile; fileRef = 7737A06415F34ADD0078CA7B /* QuartzCore.framework */; };
		7737A06815F34D6D0078CA7B /* ISViewController.xib in Resources */ = {isa = PBXBuildFile; fileRef = 7737A06715F34D6D0078CA7B /* ISViewController.xib */; };
		7737A06F15F350610078CA7B /* ISColumnsController.m in Sources */ = {isa = PBXBuildFile; fileRef = 7737A06E15F350610078CA7B /* ISColumnsController.m */; };
		77E37437158E0C44007C75E8 /* UIKit.framework in Frameworks */ = {isa = PBXBuildFile; fileRef = 77E37436158E0C44007C75E8 /* UIKit.framework */; };
		77E37439158E0C44007C75E8 /* Foundation.framework in Frameworks */ = {isa = PBXBuildFile; fileRef = 77E37438158E0C44007C75E8 /* Foundation.framework */; };
		77E3743B158E0C44007C75E8 /* CoreGraphics.framework in Frameworks */ = {isa = PBXBuildFile; fileRef = 77E3743A158E0C44007C75E8 /* CoreGraphics.framework */; };
		77E37441158E0C44007C75E8 /* InfoPlist.strings in Resources */ = {isa = PBXBuildFile; fileRef = 77E3743F158E0C44007C75E8 /* InfoPlist.strings */; };
		77E37443158E0C44007C75E8 /* main.m in Sources */ = {isa = PBXBuildFile; fileRef = 77E37442158E0C44007C75E8 /* main.m */; };
		77E37447158E0C44007C75E8 /* ISAppDelegate.m in Sources */ = {isa = PBXBuildFile; fileRef = 77E37446158E0C44007C75E8 /* ISAppDelegate.m */; };
		77E37453158E11BA007C75E8 /* ISViewController.m in Sources */ = {isa = PBXBuildFile; fileRef = 77E37452158E11BA007C75E8 /* ISViewController.m */; };
		7F5EDDE017C2E25A008043FD /* Default-568h@2x.png in Resources */ = {isa = PBXBuildFile; fileRef = 7F5EDDDF17C2E25A008043FD /* Default-568h@2x.png */; };
/* End PBXBuildFile section */

/* Begin PBXFileReference section */
		7737A06415F34ADD0078CA7B /* QuartzCore.framework */ = {isa = PBXFileReference; lastKnownFileType = wrapper.framework; name = QuartzCore.framework; path = System/Library/Frameworks/QuartzCore.framework; sourceTree = SDKROOT; };
		7737A06715F34D6D0078CA7B /* ISViewController.xib */ = {isa = PBXFileReference; fileEncoding = 4; lastKnownFileType = file.xib; path = ISViewController.xib; sourceTree = "<group>"; };
		7737A06D15F350610078CA7B /* ISColumnsController.h */ = {isa = PBXFileReference; fileEncoding = 4; lastKnownFileType = sourcecode.c.h; path = ISColumnsController.h; sourceTree = "<group>"; };
		7737A06E15F350610078CA7B /* ISColumnsController.m */ = {isa = PBXFileReference; fileEncoding = 4; lastKnownFileType = sourcecode.c.objc; path = ISColumnsController.m; sourceTree = "<group>"; };
		77E37432158E0C44007C75E8 /* Columns.app */ = {isa = PBXFileReference; explicitFileType = wrapper.application; includeInIndex = 0; path = Columns.app; sourceTree = BUILT_PRODUCTS_DIR; };
		77E37436158E0C44007C75E8 /* UIKit.framework */ = {isa = PBXFileReference; lastKnownFileType = wrapper.framework; name = UIKit.framework; path = System/Library/Frameworks/UIKit.framework; sourceTree = SDKROOT; };
		77E37438158E0C44007C75E8 /* Foundation.framework */ = {isa = PBXFileReference; lastKnownFileType = wrapper.framework; name = Foundation.framework; path = System/Library/Frameworks/Foundation.framework; sourceTree = SDKROOT; };
		77E3743A158E0C44007C75E8 /* CoreGraphics.framework */ = {isa = PBXFileReference; lastKnownFileType = wrapper.framework; name = CoreGraphics.framework; path = System/Library/Frameworks/CoreGraphics.framework; sourceTree = SDKROOT; };
		77E3743E158E0C44007C75E8 /* Columns-Info.plist */ = {isa = PBXFileReference; lastKnownFileType = text.plist.xml; path = "Columns-Info.plist"; sourceTree = "<group>"; };
		77E37440158E0C44007C75E8 /* en */ = {isa = PBXFileReference; lastKnownFileType = text.plist.strings; name = en; path = en.lproj/InfoPlist.strings; sourceTree = "<group>"; };
		77E37442158E0C44007C75E8 /* main.m */ = {isa = PBXFileReference; lastKnownFileType = sourcecode.c.objc; path = main.m; sourceTree = "<group>"; };
		77E37444158E0C44007C75E8 /* Columns-Prefix.pch */ = {isa = PBXFileReference; lastKnownFileType = sourcecode.c.h; path = "Columns-Prefix.pch"; sourceTree = "<group>"; };
		77E37445158E0C44007C75E8 /* ISAppDelegate.h */ = {isa = PBXFileReference; lastKnownFileType = sourcecode.c.h; path = ISAppDelegate.h; sourceTree = "<group>"; };
		77E37446158E0C44007C75E8 /* ISAppDelegate.m */ = {isa = PBXFileReference; lastKnownFileType = sourcecode.c.objc; path = ISAppDelegate.m; sourceTree = "<group>"; };
		77E37451158E11BA007C75E8 /* ISViewController.h */ = {isa = PBXFileReference; fileEncoding = 4; lastKnownFileType = sourcecode.c.h; path = ISViewController.h; sourceTree = "<group>"; };
		77E37452158E11BA007C75E8 /* ISViewController.m */ = {isa = PBXFileReference; fileEncoding = 4; lastKnownFileType = sourcecode.c.objc; path = ISViewController.m; sourceTree = "<group>"; };
		7F5EDDDF17C2E25A008043FD /* Default-568h@2x.png */ = {isa = PBXFileReference; lastKnownFileType = image.png; path = "Default-568h@2x.png"; sourceTree = "<group>"; };
/* End PBXFileReference section */

/* Begin PBXFrameworksBuildPhase section */
		77E3742F158E0C44007C75E8 /* Frameworks */ = {
			isa = PBXFrameworksBuildPhase;
			buildActionMask = 2147483647;
			files = (
				7737A06515F34ADD0078CA7B /* QuartzCore.framework in Frameworks */,
				77E37437158E0C44007C75E8 /* UIKit.framework in Frameworks */,
				77E37439158E0C44007C75E8 /* Foundation.framework in Frameworks */,
				77E3743B158E0C44007C75E8 /* CoreGraphics.framework in Frameworks */,
			);
			runOnlyForDeploymentPostprocessing = 0;
		};
/* End PBXFrameworksBuildPhase section */

/* Begin PBXGroup section */
		7737A06C15F350610078CA7B /* ISColumnsController */ = {
			isa = PBXGroup;
			children = (
				7737A06D15F350610078CA7B /* ISColumnsController.h */,
				7737A06E15F350610078CA7B /* ISColumnsController.m */,
			);
			name = ISColumnsController;
			path = ../ISColumnsController;
			sourceTree = "<group>";
		};
		77E37427158E0C44007C75E8 = {
			isa = PBXGroup;
			children = (
				7F5EDDDF17C2E25A008043FD /* Default-568h@2x.png */,
				77E3743C158E0C44007C75E8 /* Columns */,
				77E37435158E0C44007C75E8 /* Frameworks */,
				77E37433158E0C44007C75E8 /* Products */,
				7737A06C15F350610078CA7B /* ISColumnsController */,
			);
			sourceTree = "<group>";
		};
		77E37433158E0C44007C75E8 /* Products */ = {
			isa = PBXGroup;
			children = (
				77E37432158E0C44007C75E8 /* Columns.app */,
			);
			name = Products;
			sourceTree = "<group>";
		};
		77E37435158E0C44007C75E8 /* Frameworks */ = {
			isa = PBXGroup;
			children = (
				7737A06415F34ADD0078CA7B /* QuartzCore.framework */,
				77E37436158E0C44007C75E8 /* UIKit.framework */,
				77E37438158E0C44007C75E8 /* Foundation.framework */,
				77E3743A158E0C44007C75E8 /* CoreGraphics.framework */,
			);
			name = Frameworks;
			sourceTree = "<group>";
		};
		77E3743C158E0C44007C75E8 /* Columns */ = {
			isa = PBXGroup;
			children = (
				77E37445158E0C44007C75E8 /* ISAppDelegate.h */,
				77E37446158E0C44007C75E8 /* ISAppDelegate.m */,
				77E37451158E11BA007C75E8 /* ISViewController.h */,
				77E37452158E11BA007C75E8 /* ISViewController.m */,
				7737A06715F34D6D0078CA7B /* ISViewController.xib */,
				77E3743D158E0C44007C75E8 /* Supporting Files */,
			);
			path = Columns;
			sourceTree = "<group>";
		};
		77E3743D158E0C44007C75E8 /* Supporting Files */ = {
			isa = PBXGroup;
			children = (
				77E3743E158E0C44007C75E8 /* Columns-Info.plist */,
				77E3743F158E0C44007C75E8 /* InfoPlist.strings */,
				77E37442158E0C44007C75E8 /* main.m */,
				77E37444158E0C44007C75E8 /* Columns-Prefix.pch */,
			);
			name = "Supporting Files";
			sourceTree = "<group>";
		};
/* End PBXGroup section */

/* Begin PBXNativeTarget section */
		77E37431158E0C44007C75E8 /* Columns */ = {
			isa = PBXNativeTarget;
			buildConfigurationList = 77E3744A158E0C44007C75E8 /* Build configuration list for PBXNativeTarget "Columns" */;
			buildPhases = (
				77E3742E158E0C44007C75E8 /* Sources */,
				77E3742F158E0C44007C75E8 /* Frameworks */,
				77E37430158E0C44007C75E8 /* Resources */,
			);
			buildRules = (
			);
			dependencies = (
			);
			name = Columns;
			productName = Columns;
			productReference = 77E37432158E0C44007C75E8 /* Columns.app */;
			productType = "com.apple.product-type.application";
		};
/* End PBXNativeTarget section */

/* Begin PBXProject section */
		77E37429158E0C44007C75E8 /* Project object */ = {
			isa = PBXProject;
			attributes = {
				CLASSPREFIX = IS;
				LastUpgradeCheck = 0460;
			};
			buildConfigurationList = 77E3742C158E0C44007C75E8 /* Build configuration list for PBXProject "Columns" */;
			compatibilityVersion = "Xcode 3.2";
			developmentRegion = English;
			hasScannedForEncodings = 0;
			knownRegions = (
				en,
			);
			mainGroup = 77E37427158E0C44007C75E8;
			productRefGroup = 77E37433158E0C44007C75E8 /* Products */;
			projectDirPath = "";
			projectRoot = "";
			targets = (
				77E37431158E0C44007C75E8 /* Columns */,
			);
		};
/* End PBXProject section */

/* Begin PBXResourcesBuildPhase section */
		77E37430158E0C44007C75E8 /* Resources */ = {
			isa = PBXResourcesBuildPhase;
			buildActionMask = 2147483647;
			files = (
				77E37441158E0C44007C75E8 /* InfoPlist.strings in Resources */,
				7737A06815F34D6D0078CA7B /* ISViewController.xib in Resources */,
				7F5EDDE017C2E25A008043FD /* Default-568h@2x.png in Resources */,
			);
			runOnlyForDeploymentPostprocessing = 0;
		};
/* End PBXResourcesBuildPhase section */

/* Begin PBXSourcesBuildPhase section */
		77E3742E158E0C44007C75E8 /* Sources */ = {
			isa = PBXSourcesBuildPhase;
			buildActionMask = 2147483647;
			files = (
				77E37443158E0C44007C75E8 /* main.m in Sources */,
				77E37447158E0C44007C75E8 /* ISAppDelegate.m in Sources */,
				77E37453158E11BA007C75E8 /* ISViewController.m in Sources */,
				7737A06F15F350610078CA7B /* ISColumnsController.m in Sources */,
			);
			runOnlyForDeploymentPostprocessing = 0;
		};
/* End PBXSourcesBuildPhase section */

/* Begin PBXVariantGroup section */
		77E3743F158E0C44007C75E8 /* InfoPlist.strings */ = {
			isa = PBXVariantGroup;
			children = (
				77E37440158E0C44007C75E8 /* en */,
			);
			name = InfoPlist.strings;
			sourceTree = "<group>";
		};
/* End PBXVariantGroup section */

/* Begin XCBuildConfiguration section */
		77E37448158E0C44007C75E8 /* Debug */ = {
			isa = XCBuildConfiguration;
			buildSettings = {
				ALWAYS_SEARCH_USER_PATHS = NO;
				ARCHS = "$(ARCHS_STANDARD_32_BIT)";
				CLANG_WARN_CONSTANT_CONVERSION = YES;
				CLANG_WARN_ENUM_CONVERSION = YES;
				CLANG_WARN_INT_CONVERSION = YES;
				CLANG_WARN__DUPLICATE_METHOD_MATCH = YES;
				"CODE_SIGN_IDENTITY[sdk=iphoneos*]" = "iPhone Developer";
				COPY_PHASE_STRIP = NO;
				GCC_C_LANGUAGE_STANDARD = gnu99;
				GCC_DYNAMIC_NO_PIC = NO;
				GCC_OPTIMIZATION_LEVEL = 0;
				GCC_PREPROCESSOR_DEFINITIONS = (
					"DEBUG=1",
					"$(inherited)",
				);
				GCC_SYMBOLS_PRIVATE_EXTERN = NO;
				GCC_VERSION = com.apple.compilers.llvm.clang.1_0;
				GCC_WARN_ABOUT_RETURN_TYPE = YES;
				GCC_WARN_UNINITIALIZED_AUTOS = YES;
				GCC_WARN_UNUSED_VARIABLE = YES;
				IPHONEOS_DEPLOYMENT_TARGET = 5.1;
				SDKROOT = iphoneos;
			};
			name = Debug;
		};
		77E37449158E0C44007C75E8 /* Release */ = {
			isa = XCBuildConfiguration;
			buildSettings = {
				ALWAYS_SEARCH_USER_PATHS = NO;
				ARCHS = "$(ARCHS_STANDARD_32_BIT)";
				CLANG_WARN_CONSTANT_CONVERSION = YES;
				CLANG_WARN_ENUM_CONVERSION = YES;
				CLANG_WARN_INT_CONVERSION = YES;
				CLANG_WARN__DUPLICATE_METHOD_MATCH = YES;
				"CODE_SIGN_IDENTITY[sdk=iphoneos*]" = "iPhone Developer";
				COPY_PHASE_STRIP = YES;
				GCC_C_LANGUAGE_STANDARD = gnu99;
				GCC_VERSION = com.apple.compilers.llvm.clang.1_0;
				GCC_WARN_ABOUT_RETURN_TYPE = YES;
				GCC_WARN_UNINITIALIZED_AUTOS = YES;
				GCC_WARN_UNUSED_VARIABLE = YES;
				IPHONEOS_DEPLOYMENT_TARGET = 5.1;
				OTHER_CFLAGS = "-DNS_BLOCK_ASSERTIONS=1";
				SDKROOT = iphoneos;
				VALIDATE_PRODUCT = YES;
			};
			name = Release;
		};
		77E3744B158E0C44007C75E8 /* Debug */ = {
			isa = XCBuildConfiguration;
			buildSettings = {
				GCC_PRECOMPILE_PREFIX_HEADER = YES;
				GCC_PREFIX_HEADER = "Columns/Columns-Prefix.pch";
				INFOPLIST_FILE = "Columns/Columns-Info.plist";
				IPHONEOS_DEPLOYMENT_TARGET = 5.1;
				PRODUCT_NAME = "$(TARGET_NAME)";
				TARGETED_DEVICE_FAMILY = "1,2";
				WRAPPER_EXTENSION = app;
			};
			name = Debug;
		};
		77E3744C158E0C44007C75E8 /* Release */ = {
			isa = XCBuildConfiguration;
			buildSettings = {
				GCC_PRECOMPILE_PREFIX_HEADER = YES;
				GCC_PREFIX_HEADER = "Columns/Columns-Prefix.pch";
				INFOPLIST_FILE = "Columns/Columns-Info.plist";
				IPHONEOS_DEPLOYMENT_TARGET = 5.1;
				PRODUCT_NAME = "$(TARGET_NAME)";
				TARGETED_DEVICE_FAMILY = "1,2";
				WRAPPER_EXTENSION = app;
			};
			name = Release;
		};
/* End XCBuildConfiguration section */

/* Begin XCConfigurationList section */
		77E3742C158E0C44007C75E8 /* Build configuration list for PBXProject "Columns" */ = {
			isa = XCConfigurationList;
			buildConfigurations = (
				77E37448158E0C44007C75E8 /* Debug */,
				77E37449158E0C44007C75E8 /* Release */,
			);
			defaultConfigurationIsVisible = 0;
			defaultConfigurationName = Release;
		};
		77E3744A158E0C44007C75E8 /* Build configuration list for PBXNativeTarget "Columns" */ = {
			isa = XCConfigurationList;
			buildConfigurations = (
				77E3744B158E0C44007C75E8 /* Debug */,
				77E3744C158E0C44007C75E8 /* Release */,
			);
			defaultConfigurationIsVisible = 0;
			defaultConfigurationName = Release;
		};
/* End XCConfigurationList section */
	};
	rootObject = 77E37429158E0C44007C75E8 /* Project object */;
}
